// !$*UTF8*$!
{
	archiveVersion = 1;
	classes = {
	};
	objectVersion = 46;
	objects = {

/* Begin PBXBuildFile section */
		313B11E71C9C468F000F9816 /* main.m in Sources */ = {isa = PBXBuildFile; fileRef = 313B11E61C9C468F000F9816 /* main.m */; };
		313B11EA1C9C468F000F9816 /* AppDelegate.m in Sources */ = {isa = PBXBuildFile; fileRef = 313B11E91C9C468F000F9816 /* AppDelegate.m */; };
		313B11F01C9C468F000F9816 /* Main.storyboard in Resources */ = {isa = PBXBuildFile; fileRef = 313B11EE1C9C468F000F9816 /* Main.storyboard */; };
		313B11F21C9C468F000F9816 /* Assets.xcassets in Resources */ = {isa = PBXBuildFile; fileRef = 313B11F11C9C468F000F9816 /* Assets.xcassets */; };
		313B11F51C9C468F000F9816 /* LaunchScreen.storyboard in Resources */ = {isa = PBXBuildFile; fileRef = 313B11F31C9C468F000F9816 /* LaunchScreen.storyboard */; };
		313B12051C9C4787000F9816 /* PokemonListViewController.m in Sources */ = {isa = PBXBuildFile; fileRef = 313B12041C9C4787000F9816 /* PokemonListViewController.m */; };
		31C5200D1CA1E3B500914E33 /* Pokemon.m in Sources */ = {isa = PBXBuildFile; fileRef = 31C5200C1CA1E3B500914E33 /* Pokemon.m */; };
		31C520101CA1F45100914E33 /* TypeOrder.m in Sources */ = {isa = PBXBuildFile; fileRef = 31C5200F1CA1F45100914E33 /* TypeOrder.m */; };
		31C520131CA1F70700914E33 /* TypeRef.m in Sources */ = {isa = PBXBuildFile; fileRef = 31C520121CA1F70700914E33 /* TypeRef.m */; };
		31C520161CA1F8F800914E33 /* Sprites.m in Sources */ = {isa = PBXBuildFile; fileRef = 31C520151CA1F8F800914E33 /* Sprites.m */; };
		31E978FB1C9C4FFB00876BCB /* PokemonRef.m in Sources */ = {isa = PBXBuildFile; fileRef = 31E978FA1C9C4FFB00876BCB /* PokemonRef.m */; };
		31E979021C9C777D00876BCB /* PokemonClient.m in Sources */ = {isa = PBXBuildFile; fileRef = 31E979011C9C777D00876BCB /* PokemonClient.m */; };
		31E979041C9CA51E00876BCB /* Default-568h@2x.png in Resources */ = {isa = PBXBuildFile; fileRef = 31E979031C9CA51E00876BCB /* Default-568h@2x.png */; };
		31E979071C9CBF7100876BCB /* PokemonViewController.m in Sources */ = {isa = PBXBuildFile; fileRef = 31E979061C9CBF7100876BCB /* PokemonViewController.m */; };
/* End PBXBuildFile section */

/* Begin PBXFileReference section */
		313B11E21C9C468F000F9816 /* Pokedex.app */ = {isa = PBXFileReference; explicitFileType = wrapper.application; includeInIndex = 0; path = Pokedex.app; sourceTree = BUILT_PRODUCTS_DIR; };
		313B11E61C9C468F000F9816 /* main.m */ = {isa = PBXFileReference; lastKnownFileType = sourcecode.c.objc; path = main.m; sourceTree = "<group>"; };
		313B11E81C9C468F000F9816 /* AppDelegate.h */ = {isa = PBXFileReference; lastKnownFileType = sourcecode.c.h; path = AppDelegate.h; sourceTree = "<group>"; };
		313B11E91C9C468F000F9816 /* AppDelegate.m */ = {isa = PBXFileReference; lastKnownFileType = sourcecode.c.objc; path = AppDelegate.m; sourceTree = "<group>"; };
		313B11EF1C9C468F000F9816 /* Base */ = {isa = PBXFileReference; lastKnownFileType = file.storyboard; name = Base; path = Base.lproj/Main.storyboard; sourceTree = "<group>"; };
		313B11F11C9C468F000F9816 /* Assets.xcassets */ = {isa = PBXFileReference; lastKnownFileType = folder.assetcatalog; path = Assets.xcassets; sourceTree = "<group>"; };
		313B11F41C9C468F000F9816 /* Base */ = {isa = PBXFileReference; lastKnownFileType = file.storyboard; name = Base; path = Base.lproj/LaunchScreen.storyboard; sourceTree = "<group>"; };
		313B11F61C9C468F000F9816 /* Info.plist */ = {isa = PBXFileReference; lastKnownFileType = text.plist.xml; path = Info.plist; sourceTree = "<group>"; };
		313B12031C9C4787000F9816 /* PokemonListViewController.h */ = {isa = PBXFileReference; fileEncoding = 4; lastKnownFileType = sourcecode.c.h; name = PokemonListViewController.h; path = ../View/PokemonListViewController.h; sourceTree = "<group>"; };
		313B12041C9C4787000F9816 /* PokemonListViewController.m */ = {isa = PBXFileReference; fileEncoding = 4; lastKnownFileType = sourcecode.c.objc; name = PokemonListViewController.m; path = ../View/PokemonListViewController.m; sourceTree = "<group>"; };
		31C5200B1CA1E3B500914E33 /* Pokemon.h */ = {isa = PBXFileReference; fileEncoding = 4; lastKnownFileType = sourcecode.c.h; name = Pokemon.h; path = Model/Pokemon.h; sourceTree = "<group>"; };
		31C5200C1CA1E3B500914E33 /* Pokemon.m */ = {isa = PBXFileReference; fileEncoding = 4; lastKnownFileType = sourcecode.c.objc; name = Pokemon.m; path = Model/Pokemon.m; sourceTree = "<group>"; };
		31C5200E1CA1F45100914E33 /* TypeOrder.h */ = {isa = PBXFileReference; fileEncoding = 4; lastKnownFileType = sourcecode.c.h; name = TypeOrder.h; path = Model/TypeOrder.h; sourceTree = "<group>"; };
		31C5200F1CA1F45100914E33 /* TypeOrder.m */ = {isa = PBXFileReference; fileEncoding = 4; lastKnownFileType = sourcecode.c.objc; name = TypeOrder.m; path = Model/TypeOrder.m; sourceTree = "<group>"; };
		31C520111CA1F70700914E33 /* TypeRef.h */ = {isa = PBXFileReference; fileEncoding = 4; lastKnownFileType = sourcecode.c.h; name = TypeRef.h; path = Model/TypeRef.h; sourceTree = "<group>"; };
		31C520121CA1F70700914E33 /* TypeRef.m */ = {isa = PBXFileReference; fileEncoding = 4; lastKnownFileType = sourcecode.c.objc; name = TypeRef.m; path = Model/TypeRef.m; sourceTree = "<group>"; };
		31C520141CA1F8F800914E33 /* Sprites.h */ = {isa = PBXFileReference; fileEncoding = 4; lastKnownFileType = sourcecode.c.h; name = Sprites.h; path = Model/Sprites.h; sourceTree = "<group>"; };
		31C520151CA1F8F800914E33 /* Sprites.m */ = {isa = PBXFileReference; fileEncoding = 4; lastKnownFileType = sourcecode.c.objc; name = Sprites.m; path = Model/Sprites.m; sourceTree = "<group>"; };
		31E978F91C9C4FFB00876BCB /* PokemonRef.h */ = {isa = PBXFileReference; fileEncoding = 4; lastKnownFileType = sourcecode.c.h; name = PokemonRef.h; path = Model/PokemonRef.h; sourceTree = "<group>"; };
		31E978FA1C9C4FFB00876BCB /* PokemonRef.m */ = {isa = PBXFileReference; fileEncoding = 4; lastKnownFileType = sourcecode.c.objc; name = PokemonRef.m; path = Model/PokemonRef.m; sourceTree = "<group>"; };
		31E979001C9C777D00876BCB /* PokemonClient.h */ = {isa = PBXFileReference; fileEncoding = 4; lastKnownFileType = sourcecode.c.h; name = PokemonClient.h; path = Model/PokemonClient.h; sourceTree = "<group>"; };
		31E979011C9C777D00876BCB /* PokemonClient.m */ = {isa = PBXFileReference; fileEncoding = 4; lastKnownFileType = sourcecode.c.objc; name = PokemonClient.m; path = Model/PokemonClient.m; sourceTree = "<group>"; };
		31E979031C9CA51E00876BCB /* Default-568h@2x.png */ = {isa = PBXFileReference; lastKnownFileType = image.png; path = "Default-568h@2x.png"; sourceTree = "<group>"; };
		31E979051C9CBF7100876BCB /* PokemonViewController.h */ = {isa = PBXFileReference; fileEncoding = 4; lastKnownFileType = sourcecode.c.h; path = PokemonViewController.h; sourceTree = "<group>"; };
		31E979061C9CBF7100876BCB /* PokemonViewController.m */ = {isa = PBXFileReference; fileEncoding = 4; lastKnownFileType = sourcecode.c.objc; path = PokemonViewController.m; sourceTree = "<group>"; };
/* End PBXFileReference section */

/* Begin PBXFrameworksBuildPhase section */
		313B11DF1C9C468F000F9816 /* Frameworks */ = {
			isa = PBXFrameworksBuildPhase;
			buildActionMask = 2147483647;
			files = (
			);
			runOnlyForDeploymentPostprocessing = 0;
		};
/* End PBXFrameworksBuildPhase section */

/* Begin PBXGroup section */
		313B11D91C9C468F000F9816 = {
			isa = PBXGroup;
			children = (
				31E979031C9CA51E00876BCB /* Default-568h@2x.png */,
				313B11E41C9C468F000F9816 /* Pokedex */,
				313B11E31C9C468F000F9816 /* Products */,
			);
			sourceTree = "<group>";
		};
		313B11E31C9C468F000F9816 /* Products */ = {
			isa = PBXGroup;
			children = (
				313B11E21C9C468F000F9816 /* Pokedex.app */,
			);
			name = Products;
			sourceTree = "<group>";
		};
		313B11E41C9C468F000F9816 /* Pokedex */ = {
			isa = PBXGroup;
			children = (
				313B12011C9C4749000F9816 /* Model */,
				313B12021C9C4755000F9816 /* View */,
				31E978FF1C9C635700876BCB /* Controller */,
				313B11E81C9C468F000F9816 /* AppDelegate.h */,
				313B11E91C9C468F000F9816 /* AppDelegate.m */,
				313B11F11C9C468F000F9816 /* Assets.xcassets */,
				313B11E51C9C468F000F9816 /* Supporting Files */,
			);
			path = Pokedex;
			sourceTree = "<group>";
		};
		313B11E51C9C468F000F9816 /* Supporting Files */ = {
			isa = PBXGroup;
			children = (
				313B11F61C9C468F000F9816 /* Info.plist */,
				313B11E61C9C468F000F9816 /* main.m */,
			);
			name = "Supporting Files";
			sourceTree = "<group>";
		};
		313B12011C9C4749000F9816 /* Model */ = {
			isa = PBXGroup;
			children = (
				31E978F91C9C4FFB00876BCB /* PokemonRef.h */,
				31E978FA1C9C4FFB00876BCB /* PokemonRef.m */,
				31E979001C9C777D00876BCB /* PokemonClient.h */,
				31E979011C9C777D00876BCB /* PokemonClient.m */,
				31C5200B1CA1E3B500914E33 /* Pokemon.h */,
				31C5200C1CA1E3B500914E33 /* Pokemon.m */,
				31C5200E1CA1F45100914E33 /* TypeOrder.h */,
				31C5200F1CA1F45100914E33 /* TypeOrder.m */,
				31C520111CA1F70700914E33 /* TypeRef.h */,
				31C520121CA1F70700914E33 /* TypeRef.m */,
				31C520141CA1F8F800914E33 /* Sprites.h */,
				31C520151CA1F8F800914E33 /* Sprites.m */,
			);
			name = Model;
			sourceTree = "<group>";
		};
		313B12021C9C4755000F9816 /* View */ = {
			isa = PBXGroup;
			children = (
				313B11F31C9C468F000F9816 /* LaunchScreen.storyboard */,
				313B11EE1C9C468F000F9816 /* Main.storyboard */,
			);
			path = View;
			sourceTree = "<group>";
		};
		31E978FF1C9C635700876BCB /* Controller */ = {
			isa = PBXGroup;
			children = (
				313B12031C9C4787000F9816 /* PokemonListViewController.h */,
				313B12041C9C4787000F9816 /* PokemonListViewController.m */,
				31E979051C9CBF7100876BCB /* PokemonViewController.h */,
				31E979061C9CBF7100876BCB /* PokemonViewController.m */,
			);
			path = Controller;
			sourceTree = "<group>";
		};
/* End PBXGroup section */

/* Begin PBXNativeTarget section */
		313B11E11C9C468F000F9816 /* Pokedex */ = {
			isa = PBXNativeTarget;
			buildConfigurationList = 313B11F91C9C468F000F9816 /* Build configuration list for PBXNativeTarget "Pokedex" */;
			buildPhases = (
				313B11DE1C9C468F000F9816 /* Sources */,
				313B11DF1C9C468F000F9816 /* Frameworks */,
				313B11E01C9C468F000F9816 /* Resources */,
			);
			buildRules = (
			);
			dependencies = (
			);
			name = Pokedex;
			productName = Pokedex;
			productReference = 313B11E21C9C468F000F9816 /* Pokedex.app */;
			productType = "com.apple.product-type.application";
		};
/* End PBXNativeTarget section */

/* Begin PBXProject section */
		313B11DA1C9C468F000F9816 /* Project object */ = {
			isa = PBXProject;
			attributes = {
				LastUpgradeCheck = 0720;
				ORGANIZATIONNAME = "Nathan Johnson";
				TargetAttributes = {
					313B11E11C9C468F000F9816 = {
						CreatedOnToolsVersion = 7.2.1;
						DevelopmentTeam = E5QLQ9VDQN;
					};
				};
			};
			buildConfigurationList = 313B11DD1C9C468F000F9816 /* Build configuration list for PBXProject "Pokedex" */;
			compatibilityVersion = "Xcode 3.2";
			developmentRegion = English;
			hasScannedForEncodings = 0;
			knownRegions = (
				en,
				Base,
			);
			mainGroup = 313B11D91C9C468F000F9816;
			productRefGroup = 313B11E31C9C468F000F9816 /* Products */;
			projectDirPath = "";
			projectRoot = "";
			targets = (
				313B11E11C9C468F000F9816 /* Pokedex */,
			);
		};
/* End PBXProject section */

/* Begin PBXResourcesBuildPhase section */
		313B11E01C9C468F000F9816 /* Resources */ = {
			isa = PBXResourcesBuildPhase;
			buildActionMask = 2147483647;
			files = (
				313B11F51C9C468F000F9816 /* LaunchScreen.storyboard in Resources */,
				31E979041C9CA51E00876BCB /* Default-568h@2x.png in Resources */,
				313B11F21C9C468F000F9816 /* Assets.xcassets in Resources */,
				313B11F01C9C468F000F9816 /* Main.storyboard in Resources */,
			);
			runOnlyForDeploymentPostprocessing = 0;
		};
/* End PBXResourcesBuildPhase section */

/* Begin PBXSourcesBuildPhase section */
		313B11DE1C9C468F000F9816 /* Sources */ = {
			isa = PBXSourcesBuildPhase;
			buildActionMask = 2147483647;
			files = (
				31E979071C9CBF7100876BCB /* PokemonViewController.m in Sources */,
				313B12051C9C4787000F9816 /* PokemonListViewController.m in Sources */,
				31E978FB1C9C4FFB00876BCB /* PokemonRef.m in Sources */,
				313B11EA1C9C468F000F9816 /* AppDelegate.m in Sources */,
				31C520161CA1F8F800914E33 /* Sprites.m in Sources */,
				31C520101CA1F45100914E33 /* TypeOrder.m in Sources */,
				31E979021C9C777D00876BCB /* PokemonClient.m in Sources */,
				31C520131CA1F70700914E33 /* TypeRef.m in Sources */,
				31C5200D1CA1E3B500914E33 /* Pokemon.m in Sources */,
				313B11E71C9C468F000F9816 /* main.m in Sources */,
			);
			runOnlyForDeploymentPostprocessing = 0;
		};
/* End PBXSourcesBuildPhase section */

/* Begin PBXVariantGroup section */
		313B11EE1C9C468F000F9816 /* Main.storyboard */ = {
			isa = PBXVariantGroup;
			children = (
				313B11EF1C9C468F000F9816 /* Base */,
			);
			name = Main.storyboard;
			path = ..;
			sourceTree = "<group>";
		};
		313B11F31C9C468F000F9816 /* LaunchScreen.storyboard */ = {
			isa = PBXVariantGroup;
			children = (
				313B11F41C9C468F000F9816 /* Base */,
			);
			name = LaunchScreen.storyboard;
			path = ..;
			sourceTree = "<group>";
		};
/* End PBXVariantGroup section */

/* Begin XCBuildConfiguration section */
		313B11F71C9C468F000F9816 /* Debug */ = {
			isa = XCBuildConfiguration;
			buildSettings = {
				ALWAYS_SEARCH_USER_PATHS = NO;
				CLANG_CXX_LANGUAGE_STANDARD = "gnu++0x";
				CLANG_CXX_LIBRARY = "libc++";
				CLANG_ENABLE_MODULES = YES;
				CLANG_ENABLE_OBJC_ARC = YES;
				CLANG_WARN_BOOL_CONVERSION = YES;
				CLANG_WARN_CONSTANT_CONVERSION = YES;
				CLANG_WARN_DIRECT_OBJC_ISA_USAGE = YES_ERROR;
				CLANG_WARN_EMPTY_BODY = YES;
				CLANG_WARN_ENUM_CONVERSION = YES;
				CLANG_WARN_INT_CONVERSION = YES;
				CLANG_WARN_OBJC_ROOT_CLASS = YES_ERROR;
				CLANG_WARN_UNREACHABLE_CODE = YES;
				CLANG_WARN__DUPLICATE_METHOD_MATCH = YES;
				"CODE_SIGN_IDENTITY[sdk=iphoneos*]" = "iPhone Developer";
				COPY_PHASE_STRIP = NO;
				DEBUG_INFORMATION_FORMAT = dwarf;
				ENABLE_STRICT_OBJC_MSGSEND = YES;
				ENABLE_TESTABILITY = YES;
				GCC_C_LANGUAGE_STANDARD = gnu99;
				GCC_DYNAMIC_NO_PIC = NO;
				GCC_NO_COMMON_BLOCKS = YES;
				GCC_OPTIMIZATION_LEVEL = 0;
				GCC_PREPROCESSOR_DEFINITIONS = (
					"DEBUG=1",
					"$(inherited)",
				);
				GCC_WARN_64_TO_32_BIT_CONVERSION = YES;
				GCC_WARN_ABOUT_RETURN_TYPE = YES_ERROR;
				GCC_WARN_UNDECLARED_SELECTOR = YES;
				GCC_WARN_UNINITIALIZED_AUTOS = YES_AGGRESSIVE;
				GCC_WARN_UNUSED_FUNCTION = YES;
				GCC_WARN_UNUSED_VARIABLE = YES;
				IPHONEOS_DEPLOYMENT_TARGET = 9.2;
				MTL_ENABLE_DEBUG_INFO = YES;
				ONLY_ACTIVE_ARCH = YES;
				SDKROOT = iphoneos;
			};
			name = Debug;
		};
		313B11F81C9C468F000F9816 /* Release */ = {
			isa = XCBuildConfiguration;
			buildSettings = {
				ALWAYS_SEARCH_USER_PATHS = NO;
				CLANG_CXX_LANGUAGE_STANDARD = "gnu++0x";
				CLANG_CXX_LIBRARY = "libc++";
				CLANG_ENABLE_MODULES = YES;
				CLANG_ENABLE_OBJC_ARC = YES;
				CLANG_WARN_BOOL_CONVERSION = YES;
				CLANG_WARN_CONSTANT_CONVERSION = YES;
				CLANG_WARN_DIRECT_OBJC_ISA_USAGE = YES_ERROR;
				CLANG_WARN_EMPTY_BODY = YES;
				CLANG_WARN_ENUM_CONVERSION = YES;
				CLANG_WARN_INT_CONVERSION = YES;
				CLANG_WARN_OBJC_ROOT_CLASS = YES_ERROR;
				CLANG_WARN_UNREACHABLE_CODE = YES;
				CLANG_WARN__DUPLICATE_METHOD_MATCH = YES;
				"CODE_SIGN_IDENTITY[sdk=iphoneos*]" = "iPhone Developer";
				COPY_PHASE_STRIP = NO;
				DEBUG_INFORMATION_FORMAT = "dwarf-with-dsym";
				ENABLE_NS_ASSERTIONS = NO;
				ENABLE_STRICT_OBJC_MSGSEND = YES;
				GCC_C_LANGUAGE_STANDARD = gnu99;
				GCC_NO_COMMON_BLOCKS = YES;
				GCC_WARN_64_TO_32_BIT_CONVERSION = YES;
				GCC_WARN_ABOUT_RETURN_TYPE = YES_ERROR;
				GCC_WARN_UNDECLARED_SELECTOR = YES;
				GCC_WARN_UNINITIALIZED_AUTOS = YES_AGGRESSIVE;
				GCC_WARN_UNUSED_FUNCTION = YES;
				GCC_WARN_UNUSED_VARIABLE = YES;
				IPHONEOS_DEPLOYMENT_TARGET = 9.2;
				MTL_ENABLE_DEBUG_INFO = NO;
				SDKROOT = iphoneos;
				VALIDATE_PRODUCT = YES;
			};
			name = Release;
		};
		313B11FA1C9C468F000F9816 /* Debug */ = {
			isa = XCBuildConfiguration;
			buildSettings = {
				ASSETCATALOG_COMPILER_APPICON_NAME = AppIcon;
				CODE_SIGN_IDENTITY = "iPhone Developer";
				"CODE_SIGN_IDENTITY[sdk=iphoneos*]" = "iPhone Developer";
				INFOPLIST_FILE = Pokedex/Info.plist;
				LD_RUNPATH_SEARCH_PATHS = "$(inherited) @executable_path/Frameworks";
				PRODUCT_BUNDLE_IDENTIFIER = com.nateyj.Pokedex;
				PRODUCT_NAME = "$(TARGET_NAME)";
				PROVISIONING_PROFILE = "";
			};
			name = Debug;
		};
		313B11FB1C9C468F000F9816 /* Release */ = {
			isa = XCBuildConfiguration;
			buildSettings = {
				ASSETCATALOG_COMPILER_APPICON_NAME = AppIcon;
				CODE_SIGN_IDENTITY = "iPhone Developer";
				"CODE_SIGN_IDENTITY[sdk=iphoneos*]" = "iPhone Developer";
				INFOPLIST_FILE = Pokedex/Info.plist;
				LD_RUNPATH_SEARCH_PATHS = "$(inherited) @executable_path/Frameworks";
				PRODUCT_BUNDLE_IDENTIFIER = com.nateyj.Pokedex;
				PRODUCT_NAME = "$(TARGET_NAME)";
				PROVISIONING_PROFILE = "";
			};
			name = Release;
		};
/* End XCBuildConfiguration section */

/* Begin XCConfigurationList section */
		313B11DD1C9C468F000F9816 /* Build configuration list for PBXProject "Pokedex" */ = {
			isa = XCConfigurationList;
			buildConfigurations = (
				313B11F71C9C468F000F9816 /* Debug */,
				313B11F81C9C468F000F9816 /* Release */,
			);
			defaultConfigurationIsVisible = 0;
			defaultConfigurationName = Release;
		};
		313B11F91C9C468F000F9816 /* Build configuration list for PBXNativeTarget "Pokedex" */ = {
			isa = XCConfigurationList;
			buildConfigurations = (
				313B11FA1C9C468F000F9816 /* Debug */,
				313B11FB1C9C468F000F9816 /* Release */,
			);
			defaultConfigurationIsVisible = 0;
			defaultConfigurationName = Release;
		};
/* End XCConfigurationList section */
	};
	rootObject = 313B11DA1C9C468F000F9816 /* Project object */;
}
